// !$*UTF8*$!
{
	archiveVersion = 1;
	classes = {
	};
	objectVersion = 46;
	objects = {

/* Begin PBXBuildFile section */
		A00D536E1D8B961500C3C2AD /* SerialCom.cpp in Sources */ = {isa = PBXBuildFile; fileRef = A00D536C1D8B961500C3C2AD /* SerialCom.cpp */; };
		A03CBBB41D8EB0FA00D48B8B /* StateMachine.cpp in Sources */ = {isa = PBXBuildFile; fileRef = A03CBBB21D8EB0FA00D48B8B /* StateMachine.cpp */; };
		A082B5001D7A54AD004282A2 /* main.cpp in Sources */ = {isa = PBXBuildFile; fileRef = A082B4FF1D7A54AD004282A2 /* main.cpp */; };
		A082B5081D7A54C7004282A2 /* BBuffer.cpp in Sources */ = {isa = PBXBuildFile; fileRef = A082B5061D7A54C7004282A2 /* BBuffer.cpp */; };
		A0E780241DF084D6003CD33B /* Semaphore.cpp in Sources */ = {isa = PBXBuildFile; fileRef = A0E780221DF084D6003CD33B /* Semaphore.cpp */; };
/* End PBXBuildFile section */

/* Begin PBXCopyFilesBuildPhase section */
		A082B4FA1D7A54AD004282A2 /* CopyFiles */ = {
			isa = PBXCopyFilesBuildPhase;
			buildActionMask = 2147483647;
			dstPath = /usr/share/man/man1/;
			dstSubfolderSpec = 0;
			files = (
			);
			runOnlyForDeploymentPostprocessing = 1;
		};
/* End PBXCopyFilesBuildPhase section */

/* Begin PBXFileReference section */
		A00D536C1D8B961500C3C2AD /* SerialCom.cpp */ = {isa = PBXFileReference; fileEncoding = 4; lastKnownFileType = sourcecode.cpp.cpp; path = SerialCom.cpp; sourceTree = "<group>"; };
		A00D536D1D8B961500C3C2AD /* SerialCom.hpp */ = {isa = PBXFileReference; fileEncoding = 4; lastKnownFileType = sourcecode.cpp.h; path = SerialCom.hpp; sourceTree = "<group>"; };
		A03CBBB21D8EB0FA00D48B8B /* StateMachine.cpp */ = {isa = PBXFileReference; fileEncoding = 4; lastKnownFileType = sourcecode.cpp.cpp; path = StateMachine.cpp; sourceTree = "<group>"; };
		A03CBBB31D8EB0FA00D48B8B /* StateMachine.hpp */ = {isa = PBXFileReference; fileEncoding = 4; lastKnownFileType = sourcecode.cpp.h; path = StateMachine.hpp; sourceTree = "<group>"; };
		A082B4FC1D7A54AD004282A2 /* NeoKI */ = {isa = PBXFileReference; explicitFileType = "compiled.mach-o.executable"; includeInIndex = 0; path = NeoKI; sourceTree = BUILT_PRODUCTS_DIR; };
		A082B4FF1D7A54AD004282A2 /* main.cpp */ = {isa = PBXFileReference; lastKnownFileType = sourcecode.cpp.cpp; path = main.cpp; sourceTree = "<group>"; };
		A082B5061D7A54C7004282A2 /* BBuffer.cpp */ = {isa = PBXFileReference; fileEncoding = 4; lastKnownFileType = sourcecode.cpp.cpp; path = BBuffer.cpp; sourceTree = "<group>"; };
		A082B5071D7A54C7004282A2 /* BBuffer.hpp */ = {isa = PBXFileReference; fileEncoding = 4; lastKnownFileType = sourcecode.cpp.h; path = BBuffer.hpp; sourceTree = "<group>"; };
		A0E780221DF084D6003CD33B /* Semaphore.cpp */ = {isa = PBXFileReference; fileEncoding = 4; lastKnownFileType = sourcecode.cpp.cpp; path = Semaphore.cpp; sourceTree = "<group>"; };
		A0E780231DF084D6003CD33B /* Semaphore.hpp */ = {isa = PBXFileReference; fileEncoding = 4; lastKnownFileType = sourcecode.cpp.h; path = Semaphore.hpp; sourceTree = "<group>"; };
/* End PBXFileReference section */

/* Begin PBXFrameworksBuildPhase section */
		A082B4F91D7A54AD004282A2 /* Frameworks */ = {
			isa = PBXFrameworksBuildPhase;
			buildActionMask = 2147483647;
			files = (
			);
			runOnlyForDeploymentPostprocessing = 0;
		};
/* End PBXFrameworksBuildPhase section */

/* Begin PBXGroup section */
		A082B4F31D7A54AD004282A2 = {
			isa = PBXGroup;
			children = (
				A082B4FE1D7A54AD004282A2 /* NeoKI */,
				A082B4FD1D7A54AD004282A2 /* Products */,
			);
			sourceTree = "<group>";
		};
		A082B4FD1D7A54AD004282A2 /* Products */ = {
			isa = PBXGroup;
			children = (
				A082B4FC1D7A54AD004282A2 /* NeoKI */,
			);
			name = Products;
			sourceTree = "<group>";
		};
		A082B4FE1D7A54AD004282A2 /* NeoKI */ = {
			isa = PBXGroup;
			children = (
				A082B4FF1D7A54AD004282A2 /* main.cpp */,
				A082B5071D7A54C7004282A2 /* BBuffer.hpp */,
				A082B5061D7A54C7004282A2 /* BBuffer.cpp */,
				A00D536D1D8B961500C3C2AD /* SerialCom.hpp */,
				A00D536C1D8B961500C3C2AD /* SerialCom.cpp */,
				A0E780231DF084D6003CD33B /* Semaphore.hpp */,
				A0E780221DF084D6003CD33B /* Semaphore.cpp */,
				A03CBBB31D8EB0FA00D48B8B /* StateMachine.hpp */,
				A03CBBB21D8EB0FA00D48B8B /* StateMachine.cpp */,
			);
			path = NeoKI;
			sourceTree = "<group>";
		};
/* End PBXGroup section */

/* Begin PBXNativeTarget section */
		A082B4FB1D7A54AD004282A2 /* NeoKI */ = {
			isa = PBXNativeTarget;
			buildConfigurationList = A082B5031D7A54AD004282A2 /* Build configuration list for PBXNativeTarget "NeoKI" */;
			buildPhases = (
				A082B4F81D7A54AD004282A2 /* Sources */,
				A082B4F91D7A54AD004282A2 /* Frameworks */,
				A082B4FA1D7A54AD004282A2 /* CopyFiles */,
			);
			buildRules = (
			);
			dependencies = (
			);
			name = NeoKI;
			productName = NeoKI;
			productReference = A082B4FC1D7A54AD004282A2 /* NeoKI */;
			productType = "com.apple.product-type.tool";
		};
/* End PBXNativeTarget section */

/* Begin PBXProject section */
		A082B4F41D7A54AD004282A2 /* Project object */ = {
			isa = PBXProject;
			attributes = {
				LastUpgradeCheck = 0800;
				ORGANIZATIONNAME = AyrtonC.;
				TargetAttributes = {
					A082B4FB1D7A54AD004282A2 = {
						CreatedOnToolsVersion = 7.3.1;
					};
				};
			};
			buildConfigurationList = A082B4F71D7A54AD004282A2 /* Build configuration list for PBXProject "NeoKI" */;
			compatibilityVersion = "Xcode 3.2";
			developmentRegion = English;
			hasScannedForEncodings = 0;
			knownRegions = (
				en,
			);
			mainGroup = A082B4F31D7A54AD004282A2;
			productRefGroup = A082B4FD1D7A54AD004282A2 /* Products */;
			projectDirPath = "";
			projectRoot = "";
			targets = (
				A082B4FB1D7A54AD004282A2 /* NeoKI */,
			);
		};
/* End PBXProject section */

/* Begin PBXSourcesBuildPhase section */
		A082B4F81D7A54AD004282A2 /* Sources */ = {
			isa = PBXSourcesBuildPhase;
			buildActionMask = 2147483647;
			files = (
				A03CBBB41D8EB0FA00D48B8B /* StateMachine.cpp in Sources */,
				A00D536E1D8B961500C3C2AD /* SerialCom.cpp in Sources */,
				A082B5081D7A54C7004282A2 /* BBuffer.cpp in Sources */,
				A0E780241DF084D6003CD33B /* Semaphore.cpp in Sources */,
				A082B5001D7A54AD004282A2 /* main.cpp in Sources */,
			);
			runOnlyForDeploymentPostprocessing = 0;
		};
/* End PBXSourcesBuildPhase section */

/* Begin XCBuildConfiguration section */
		A082B5011D7A54AD004282A2 /* Debug */ = {
			isa = XCBuildConfiguration;
			buildSettings = {
				ALWAYS_SEARCH_USER_PATHS = NO;
				CLANG_ANALYZER_NONNULL = YES;
				CLANG_CXX_LANGUAGE_STANDARD = "gnu++0x";
				CLANG_CXX_LIBRARY = "libc++";
				CLANG_ENABLE_MODULES = YES;
				CLANG_ENABLE_OBJC_ARC = YES;
				CLANG_WARN_BOOL_CONVERSION = YES;
				CLANG_WARN_CONSTANT_CONVERSION = YES;
				CLANG_WARN_DIRECT_OBJC_ISA_USAGE = YES_ERROR;
				CLANG_WARN_EMPTY_BODY = YES;
				CLANG_WARN_ENUM_CONVERSION = YES;
				CLANG_WARN_INFINITE_RECURSION = YES;
				CLANG_WARN_INT_CONVERSION = YES;
				CLANG_WARN_OBJC_ROOT_CLASS = YES_ERROR;
				CLANG_WARN_SUSPICIOUS_MOVE = YES;
				CLANG_WARN_UNREACHABLE_CODE = YES;
				CLANG_WARN__DUPLICATE_METHOD_MATCH = YES;
				CODE_SIGN_IDENTITY = "-";
				COPY_PHASE_STRIP = NO;
				DEBUG_INFORMATION_FORMAT = dwarf;
				ENABLE_STRICT_OBJC_MSGSEND = YES;
				ENABLE_TESTABILITY = YES;
				GCC_C_LANGUAGE_STANDARD = gnu99;
				GCC_DYNAMIC_NO_PIC = NO;
				GCC_NO_COMMON_BLOCKS = YES;
				GCC_OPTIMIZATION_LEVEL = 0;
				GCC_PREPROCESSOR_DEFINITIONS = (
					"DEBUG=1",
					"$(inherited)",
				);
				GCC_WARN_64_TO_32_BIT_CONVERSION = YES;
				GCC_WARN_ABOUT_RETURN_TYPE = YES_ERROR;
				GCC_WARN_UNDECLARED_SELECTOR = YES;
				GCC_WARN_UNINITIALIZED_AUTOS = YES_AGGRESSIVE;
				GCC_WARN_UNUSED_FUNCTION = YES;
				GCC_WARN_UNUSED_VARIABLE = YES;
				MACOSX_DEPLOYMENT_TARGET = 10.11;
				MTL_ENABLE_DEBUG_INFO = YES;
				ONLY_ACTIVE_ARCH = YES;
				SDKROOT = macosx;
			};
			name = Debug;
		};
		A082B5021D7A54AD004282A2 /* Release */ = {
			isa = XCBuildConfiguration;
			buildSettings = {
				ALWAYS_SEARCH_USER_PATHS = NO;
				CLANG_ANALYZER_NONNULL = YES;
				CLANG_CXX_LANGUAGE_STANDARD = "gnu++0x";
				CLANG_CXX_LIBRARY = "libc++";
				CLANG_ENABLE_MODULES = YES;
				CLANG_ENABLE_OBJC_ARC = YES;
				CLANG_WARN_BOOL_CONVERSION = YES;
				CLANG_WARN_CONSTANT_CONVERSION = YES;
				CLANG_WARN_DIRECT_OBJC_ISA_USAGE = YES_ERROR;
				CLANG_WARN_EMPTY_BODY = YES;
				CLANG_WARN_ENUM_CONVERSION = YES;
				CLANG_WARN_INFINITE_RECURSION = YES;
				CLANG_WARN_INT_CONVERSION = YES;
				CLANG_WARN_OBJC_ROOT_CLASS = YES_ERROR;
				CLANG_WARN_SUSPICIOUS_MOVE = YES;
				CLANG_WARN_UNREACHABLE_CODE = YES;
				CLANG_WARN__DUPLICATE_METHOD_MATCH = YES;
				CODE_SIGN_IDENTITY = "-";
				COPY_PHASE_STRIP = NO;
				DEBUG_INFORMATION_FORMAT = "dwarf-with-dsym";
				ENABLE_NS_ASSERTIONS = NO;
				ENABLE_STRICT_OBJC_MSGSEND = YES;
				GCC_C_LANGUAGE_STANDARD = gnu99;
				GCC_NO_COMMON_BLOCKS = YES;
				GCC_WARN_64_TO_32_BIT_CONVERSION = YES;
				GCC_WARN_ABOUT_RETURN_TYPE = YES_ERROR;
				GCC_WARN_UNDECLARED_SELECTOR = YES;
				GCC_WARN_UNINITIALIZED_AUTOS = YES_AGGRESSIVE;
				GCC_WARN_UNUSED_FUNCTION = YES;
				GCC_WARN_UNUSED_VARIABLE = YES;
				MACOSX_DEPLOYMENT_TARGET = 10.11;
				MTL_ENABLE_DEBUG_INFO = NO;
				SDKROOT = macosx;
			};
			name = Release;
		};
		A082B5041D7A54AD004282A2 /* Debug */ = {
			isa = XCBuildConfiguration;
			buildSettings = {
				PRODUCT_NAME = "$(TARGET_NAME)";
			};
			name = Debug;
		};
		A082B5051D7A54AD004282A2 /* Release */ = {
			isa = XCBuildConfiguration;
			buildSettings = {
				PRODUCT_NAME = "$(TARGET_NAME)";
			};
			name = Release;
		};
/* End XCBuildConfiguration section */

/* Begin XCConfigurationList section */
		A082B4F71D7A54AD004282A2 /* Build configuration list for PBXProject "NeoKI" */ = {
			isa = XCConfigurationList;
			buildConfigurations = (
				A082B5011D7A54AD004282A2 /* Debug */,
				A082B5021D7A54AD004282A2 /* Release */,
			);
			defaultConfigurationIsVisible = 0;
			defaultConfigurationName = Release;
		};
		A082B5031D7A54AD004282A2 /* Build configuration list for PBXNativeTarget "NeoKI" */ = {
			isa = XCConfigurationList;
			buildConfigurations = (
				A082B5041D7A54AD004282A2 /* Debug */,
				A082B5051D7A54AD004282A2 /* Release */,
			);
			defaultConfigurationIsVisible = 0;
			defaultConfigurationName = Release;
		};
/* End XCConfigurationList section */
	};
	rootObject = A082B4F41D7A54AD004282A2 /* Project object */;
}
